// !$*UTF8*$!
{
	archiveVersion = 1;
	classes = {
	};
	objectVersion = 77;
	objects = {

/* Begin PBXBuildFile section */
		01327086E394D16E346FE8C3 /* APIClient.swift in Sources */ = {isa = PBXBuildFile; fileRef = DD8D4367DFBB21CB51AFDB57 /* APIClient.swift */; };
		017AD46480304DEDF9E06460 /* CreateChallengeView.swift in Sources */ = {isa = PBXBuildFile; fileRef = 82F0C2BA1499A50D05A49354 /* CreateChallengeView.swift */; };
		089DEC6CD8C7F4FA9DD0A7C3 /* LeaderboardView.swift in Sources */ = {isa = PBXBuildFile; fileRef = 8600C50E8158C81C2EA3E6A3 /* LeaderboardView.swift */; };
		0CF75325BF09048735805AD1 /* AutoProofService.swift in Sources */ = {isa = PBXBuildFile; fileRef = 4C90F07D40088862092E3765 /* AutoProofService.swift */; };
		0DDBD13D0B11FE678B6256AD /* ProfileView.swift in Sources */ = {isa = PBXBuildFile; fileRef = 8F62E4EABF64E587DE752B97 /* ProfileView.swift */; };
		1D5FFD1F3DA74E90F1820F1D /* WalletManager.swift in Sources */ = {isa = PBXBuildFile; fileRef = A6ABAF1BACDB42FA19D56FC3 /* WalletManager.swift */; };
		22A79E34A0431F1DE2454FD0 /* DesignTokens.swift in Sources */ = {isa = PBXBuildFile; fileRef = CEB4377B08B897795FF6447F /* DesignTokens.swift */; };
		22C7BD51A23BA1663439FA74 /* NotificationsView.swift in Sources */ = {isa = PBXBuildFile; fileRef = 585BC1959D4139EB7E5DF876 /* NotificationsView.swift */; };
		2D0FCA3E5F088B4D5B1A30B1 /* ClaimsView.swift in Sources */ = {isa = PBXBuildFile; fileRef = CED0C0C6160E432CAB20B6DC /* ClaimsView.swift */; };
		4229DDC4AB359F338A1BE4BB /* ReownAppKit in Frameworks */ = {isa = PBXBuildFile; productRef = 1541795F8BBD0D69D53472F0 /* ReownAppKit */; };
		43D74F474BAE2BA81DAD7ECF /* SettingsView.swift in Sources */ = {isa = PBXBuildFile; fileRef = 64FC4B6EF61438B2E4A3AE31 /* SettingsView.swift */; };
		45458B7E79F43A785CE99693 /* HomeView.swift.bak in Resources */ = {isa = PBXBuildFile; fileRef = 2995120A1E682FCFF13A7F79 /* HomeView.swift.bak */; };
		455FD904AC0EA8F33266E202 /* VictoryCelebrationView.swift in Sources */ = {isa = PBXBuildFile; fileRef = 87C8F03B75271A197ACEF743 /* VictoryCelebrationView.swift */; };
		48FAAEDC96D1E02C612F09FC /* Assets.xcassets in Resources */ = {isa = PBXBuildFile; fileRef = 624797A8117791825134D824 /* Assets.xcassets */; };
		4A20EA813815461B21C21A79 /* ABIEncoder.swift in Sources */ = {isa = PBXBuildFile; fileRef = B2F019245CD055010D611B44 /* ABIEncoder.swift */; };
		4AD8C59641FB78BE317B0182 /* ContractService.swift in Sources */ = {isa = PBXBuildFile; fileRef = 6701EC73D4D4666031B738F0 /* ContractService.swift */; };
		4C2CEDEA49984D159380C739 /* ChallengeProgressHero.swift in Sources */ = {isa = PBXBuildFile; fileRef = 64ACBB01A8D1FBE7224AECC3 /* ChallengeProgressHero.swift */; };
		4F8D12FA638C484D9E08A76E /* AvatarView.swift in Sources */ = {isa = PBXBuildFile; fileRef = F1C1D766527690196F6FB79F /* AvatarView.swift */; };
		508CD9610C708386D8669B17 /* AvatarService.swift in Sources */ = {isa = PBXBuildFile; fileRef = 28E342EDE01313A06DD13943 /* AvatarService.swift */; };
		54F145E38FD99962111F5ED5 /* Contracts.swift in Sources */ = {isa = PBXBuildFile; fileRef = E2B368DB02FABEB0FE873AF1 /* Contracts.swift */; };
		550797D0D12E07537CE166AB /* MyActivityView.swift in Sources */ = {isa = PBXBuildFile; fileRef = 48C119618E8F45A5DC431D0D /* MyActivityView.swift */; };
		60E3802C318601DD043D4F1E /* AvatarPickerView.swift in Sources */ = {isa = PBXBuildFile; fileRef = 0248C14F16C23664FB00C648 /* AvatarPickerView.swift */; };
		6922B4D114C1719A5917FF0D /* ChallengeShareCard.swift in Sources */ = {isa = PBXBuildFile; fileRef = 60C0F25C8AF902669420DDED /* ChallengeShareCard.swift */; };
		6B4E5569D04D48C05EF068BF /* FitnessProofView.swift in Sources */ = {isa = PBXBuildFile; fileRef = 956AFB8941781516AFD70596 /* FitnessProofView.swift */; };
		6DD3E7EA277C23205F11159F /* ContentView.swift in Sources */ = {isa = PBXBuildFile; fileRef = 298F5D66E50BE0DF0E93605E /* ContentView.swift */; };
		7390A5A61D7A174AA9DC2EBE /* MainTabView.swift in Sources */ = {isa = PBXBuildFile; fileRef = 4E3E79186C4B7E5200EF6791 /* MainTabView.swift */; };
		7972D072E170841590FC276F /* HealthKitService.swift in Sources */ = {isa = PBXBuildFile; fileRef = C854B2A77F15DDCCB5856BAC /* HealthKitService.swift */; };
		79B0FA11187316181EBBA291 /* NotificationService.swift in Sources */ = {isa = PBXBuildFile; fileRef = 6F96382A6786E825D5D51804 /* NotificationService.swift */; };
		845A1BC5FB1B4358FCF9F306 /* LibraryView.swift.bak in Resources */ = {isa = PBXBuildFile; fileRef = F139A8BDB67BE8BC3F759294 /* LibraryView.swift.bak */; };
		8F8708FE2BD6A1ED9EDFABC4 /* ProofSelectionView.swift in Sources */ = {isa = PBXBuildFile; fileRef = D94260A11D17C7A7822B284E /* ProofSelectionView.swift */; };
		AE34E10980EB1777EF9B796A /* Templates.swift in Sources */ = {isa = PBXBuildFile; fileRef = 7CC47CBD7AC0CC24C0ED5661 /* Templates.swift */; };
		B9CCD6D0708DFFC22FAF4F3C /* AchievementShareCard.swift in Sources */ = {isa = PBXBuildFile; fileRef = C87D4DAF081C5E62A534D5FE /* AchievementShareCard.swift */; };
		C99732FF05C96BF08272CD05 /* Challenge.swift in Sources */ = {isa = PBXBuildFile; fileRef = 6718450D0B114CD3CDB048BB /* Challenge.swift */; };
		CF3E4B50FF79FA9FE4F9A8F3 /* AppState.swift in Sources */ = {isa = PBXBuildFile; fileRef = 2386C28BB1920D7EE693D754 /* AppState.swift */; };
		D0F90181D6CFF43A2E6E14D4 /* CacheService.swift in Sources */ = {isa = PBXBuildFile; fileRef = ED219551AFC2F563795F7780 /* CacheService.swift */; };
		D12B98D622D360BFD4F09C4C /* OAuthService.swift in Sources */ = {isa = PBXBuildFile; fileRef = 056B46502BB7A0127704ABD6 /* OAuthService.swift */; };
		D7BCAFE3F5319C7855539792 /* CategoryDetailView.swift in Sources */ = {isa = PBXBuildFile; fileRef = B1B027F2BAC338988466114F /* CategoryDetailView.swift */; };
		D9B09F9D0D1924CF11D29A54 /* GamingHandoffView.swift in Sources */ = {isa = PBXBuildFile; fileRef = 262C604C08756AF00CE8B815 /* GamingHandoffView.swift */; };
		DB612A03EB280A97BE0AF778 /* ChallengeDetailView.swift in Sources */ = {isa = PBXBuildFile; fileRef = AEE7B27C2A3DF0F5E387AD12 /* ChallengeDetailView.swift */; };
		DFFE19E2E45331BE9EBF4483 /* LightChallengeApp.swift in Sources */ = {isa = PBXBuildFile; fileRef = DD15E3C529E1B744F2F63518 /* LightChallengeApp.swift */; };
		E4ADD5075FF83E61FB7A5EBE /* OnboardingView.swift in Sources */ = {isa = PBXBuildFile; fileRef = 204B2D7C9B26D8265BDA995C /* OnboardingView.swift */; };
		E76C1AC9F1CD842862BB0C50 /* ChallengeRow.swift in Sources */ = {isa = PBXBuildFile; fileRef = 92616EA76D9D58987F97E9DF /* ChallengeRow.swift */; };
		E8DA5005C7B7D20CEA1B862C /* AchievementsView.swift in Sources */ = {isa = PBXBuildFile; fileRef = 07B4E3038A54D8DA0F3B3329 /* AchievementsView.swift */; };
		F1C3E639A403E8D788DDE525 /* ExploreView.swift in Sources */ = {isa = PBXBuildFile; fileRef = 5C4E66B51FC904BB6E695BA1 /* ExploreView.swift */; };
		F2019051977E76405C534A6E /* WalletSheet.swift in Sources */ = {isa = PBXBuildFile; fileRef = 50CE8C299A1C5AF3873473EC /* WalletSheet.swift */; };
		F23286C4F4D1FBA4A08BAC95 /* SplashPortal.swift in Sources */ = {isa = PBXBuildFile; fileRef = D87902ED5A3D3F2F9DAB1626 /* SplashPortal.swift */; };
		F9488F78D6C8C500096F8717 /* Models.swift in Sources */ = {isa = PBXBuildFile; fileRef = 940344AA346043032B852F8B /* Models.swift */; };
		FB927A4629D531B77493E5CC /* ChallengesView.swift in Sources */ = {isa = PBXBuildFile; fileRef = 05D4352BB8C482916116273A /* ChallengesView.swift */; };
/* End PBXBuildFile section */

/* Begin PBXFileReference section */
		0248C14F16C23664FB00C648 /* AvatarPickerView.swift */ = {isa = PBXFileReference; lastKnownFileType = sourcecode.swift; path = AvatarPickerView.swift; sourceTree = "<group>"; };
		04648F9975C483F7D4596C37 /* Info.plist */ = {isa = PBXFileReference; lastKnownFileType = text.plist; path = Info.plist; sourceTree = "<group>"; };
		056B46502BB7A0127704ABD6 /* OAuthService.swift */ = {isa = PBXFileReference; lastKnownFileType = sourcecode.swift; path = OAuthService.swift; sourceTree = "<group>"; };
		05D4352BB8C482916116273A /* ChallengesView.swift */ = {isa = PBXFileReference; lastKnownFileType = sourcecode.swift; path = ChallengesView.swift; sourceTree = "<group>"; };
		07B4E3038A54D8DA0F3B3329 /* AchievementsView.swift */ = {isa = PBXFileReference; lastKnownFileType = sourcecode.swift; path = AchievementsView.swift; sourceTree = "<group>"; };
		204B2D7C9B26D8265BDA995C /* OnboardingView.swift */ = {isa = PBXFileReference; lastKnownFileType = sourcecode.swift; path = OnboardingView.swift; sourceTree = "<group>"; };
		2386C28BB1920D7EE693D754 /* AppState.swift */ = {isa = PBXFileReference; lastKnownFileType = sourcecode.swift; path = AppState.swift; sourceTree = "<group>"; };
		262C604C08756AF00CE8B815 /* GamingHandoffView.swift */ = {isa = PBXFileReference; lastKnownFileType = sourcecode.swift; path = GamingHandoffView.swift; sourceTree = "<group>"; };
		28E342EDE01313A06DD13943 /* AvatarService.swift */ = {isa = PBXFileReference; lastKnownFileType = sourcecode.swift; path = AvatarService.swift; sourceTree = "<group>"; };
		298F5D66E50BE0DF0E93605E /* ContentView.swift */ = {isa = PBXFileReference; lastKnownFileType = sourcecode.swift; path = ContentView.swift; sourceTree = "<group>"; };
		2995120A1E682FCFF13A7F79 /* HomeView.swift.bak */ = {isa = PBXFileReference; path = HomeView.swift.bak; sourceTree = "<group>"; };
		48C119618E8F45A5DC431D0D /* MyActivityView.swift */ = {isa = PBXFileReference; lastKnownFileType = sourcecode.swift; path = MyActivityView.swift; sourceTree = "<group>"; };
		4C90F07D40088862092E3765 /* AutoProofService.swift */ = {isa = PBXFileReference; lastKnownFileType = sourcecode.swift; path = AutoProofService.swift; sourceTree = "<group>"; };
		4E3E79186C4B7E5200EF6791 /* MainTabView.swift */ = {isa = PBXFileReference; lastKnownFileType = sourcecode.swift; path = MainTabView.swift; sourceTree = "<group>"; };
		50CE8C299A1C5AF3873473EC /* WalletSheet.swift */ = {isa = PBXFileReference; lastKnownFileType = sourcecode.swift; path = WalletSheet.swift; sourceTree = "<group>"; };
		585BC1959D4139EB7E5DF876 /* NotificationsView.swift */ = {isa = PBXFileReference; lastKnownFileType = sourcecode.swift; path = NotificationsView.swift; sourceTree = "<group>"; };
		5C4E66B51FC904BB6E695BA1 /* ExploreView.swift */ = {isa = PBXFileReference; lastKnownFileType = sourcecode.swift; path = ExploreView.swift; sourceTree = "<group>"; };
		60C0F25C8AF902669420DDED /* ChallengeShareCard.swift */ = {isa = PBXFileReference; lastKnownFileType = sourcecode.swift; path = ChallengeShareCard.swift; sourceTree = "<group>"; };
		624797A8117791825134D824 /* Assets.xcassets */ = {isa = PBXFileReference; lastKnownFileType = folder.assetcatalog; path = Assets.xcassets; sourceTree = "<group>"; };
		64ACBB01A8D1FBE7224AECC3 /* ChallengeProgressHero.swift */ = {isa = PBXFileReference; lastKnownFileType = sourcecode.swift; path = ChallengeProgressHero.swift; sourceTree = "<group>"; };
		64FC4B6EF61438B2E4A3AE31 /* SettingsView.swift */ = {isa = PBXFileReference; lastKnownFileType = sourcecode.swift; path = SettingsView.swift; sourceTree = "<group>"; };
		6701EC73D4D4666031B738F0 /* ContractService.swift */ = {isa = PBXFileReference; lastKnownFileType = sourcecode.swift; path = ContractService.swift; sourceTree = "<group>"; };
		6718450D0B114CD3CDB048BB /* Challenge.swift */ = {isa = PBXFileReference; lastKnownFileType = sourcecode.swift; path = Challenge.swift; sourceTree = "<group>"; };
		6C9F9B4D909FEAE5EC4A1D5B /* LightChallengeApp.app */ = {isa = PBXFileReference; includeInIndex = 0; lastKnownFileType = wrapper.application; path = LightChallengeApp.app; sourceTree = BUILT_PRODUCTS_DIR; };
		6F96382A6786E825D5D51804 /* NotificationService.swift */ = {isa = PBXFileReference; lastKnownFileType = sourcecode.swift; path = NotificationService.swift; sourceTree = "<group>"; };
		7CC47CBD7AC0CC24C0ED5661 /* Templates.swift */ = {isa = PBXFileReference; lastKnownFileType = sourcecode.swift; path = Templates.swift; sourceTree = "<group>"; };
		82F0C2BA1499A50D05A49354 /* CreateChallengeView.swift */ = {isa = PBXFileReference; lastKnownFileType = sourcecode.swift; path = CreateChallengeView.swift; sourceTree = "<group>"; };
		8600C50E8158C81C2EA3E6A3 /* LeaderboardView.swift */ = {isa = PBXFileReference; lastKnownFileType = sourcecode.swift; path = LeaderboardView.swift; sourceTree = "<group>"; };
		87C8F03B75271A197ACEF743 /* VictoryCelebrationView.swift */ = {isa = PBXFileReference; lastKnownFileType = sourcecode.swift; path = VictoryCelebrationView.swift; sourceTree = "<group>"; };
		8F62E4EABF64E587DE752B97 /* ProfileView.swift */ = {isa = PBXFileReference; lastKnownFileType = sourcecode.swift; path = ProfileView.swift; sourceTree = "<group>"; };
		92616EA76D9D58987F97E9DF /* ChallengeRow.swift */ = {isa = PBXFileReference; lastKnownFileType = sourcecode.swift; path = ChallengeRow.swift; sourceTree = "<group>"; };
		940344AA346043032B852F8B /* Models.swift */ = {isa = PBXFileReference; lastKnownFileType = sourcecode.swift; path = Models.swift; sourceTree = "<group>"; };
		956AFB8941781516AFD70596 /* FitnessProofView.swift */ = {isa = PBXFileReference; lastKnownFileType = sourcecode.swift; path = FitnessProofView.swift; sourceTree = "<group>"; };
		A5F8B27098BA0AFE20E650FA /* LightChallengeApp.entitlements */ = {isa = PBXFileReference; lastKnownFileType = text.plist.entitlements; path = LightChallengeApp.entitlements; sourceTree = "<group>"; };
		A6ABAF1BACDB42FA19D56FC3 /* WalletManager.swift */ = {isa = PBXFileReference; lastKnownFileType = sourcecode.swift; path = WalletManager.swift; sourceTree = "<group>"; };
		AEE7B27C2A3DF0F5E387AD12 /* ChallengeDetailView.swift */ = {isa = PBXFileReference; lastKnownFileType = sourcecode.swift; path = ChallengeDetailView.swift; sourceTree = "<group>"; };
		B1B027F2BAC338988466114F /* CategoryDetailView.swift */ = {isa = PBXFileReference; lastKnownFileType = sourcecode.swift; path = CategoryDetailView.swift; sourceTree = "<group>"; };
		B2F019245CD055010D611B44 /* ABIEncoder.swift */ = {isa = PBXFileReference; lastKnownFileType = sourcecode.swift; path = ABIEncoder.swift; sourceTree = "<group>"; };
		C854B2A77F15DDCCB5856BAC /* HealthKitService.swift */ = {isa = PBXFileReference; lastKnownFileType = sourcecode.swift; path = HealthKitService.swift; sourceTree = "<group>"; };
		C87D4DAF081C5E62A534D5FE /* AchievementShareCard.swift */ = {isa = PBXFileReference; lastKnownFileType = sourcecode.swift; path = AchievementShareCard.swift; sourceTree = "<group>"; };
		CEB4377B08B897795FF6447F /* DesignTokens.swift */ = {isa = PBXFileReference; lastKnownFileType = sourcecode.swift; path = DesignTokens.swift; sourceTree = "<group>"; };
		CED0C0C6160E432CAB20B6DC /* ClaimsView.swift */ = {isa = PBXFileReference; lastKnownFileType = sourcecode.swift; path = ClaimsView.swift; sourceTree = "<group>"; };
		D87902ED5A3D3F2F9DAB1626 /* SplashPortal.swift */ = {isa = PBXFileReference; lastKnownFileType = sourcecode.swift; path = SplashPortal.swift; sourceTree = "<group>"; };
		D94260A11D17C7A7822B284E /* ProofSelectionView.swift */ = {isa = PBXFileReference; lastKnownFileType = sourcecode.swift; path = ProofSelectionView.swift; sourceTree = "<group>"; };
		DD15E3C529E1B744F2F63518 /* LightChallengeApp.swift */ = {isa = PBXFileReference; lastKnownFileType = sourcecode.swift; path = LightChallengeApp.swift; sourceTree = "<group>"; };
		DD8D4367DFBB21CB51AFDB57 /* APIClient.swift */ = {isa = PBXFileReference; lastKnownFileType = sourcecode.swift; path = APIClient.swift; sourceTree = "<group>"; };
		E2B368DB02FABEB0FE873AF1 /* Contracts.swift */ = {isa = PBXFileReference; lastKnownFileType = sourcecode.swift; path = Contracts.swift; sourceTree = "<group>"; };
		ED219551AFC2F563795F7780 /* CacheService.swift */ = {isa = PBXFileReference; lastKnownFileType = sourcecode.swift; path = CacheService.swift; sourceTree = "<group>"; };
		F139A8BDB67BE8BC3F759294 /* LibraryView.swift.bak */ = {isa = PBXFileReference; path = LibraryView.swift.bak; sourceTree = "<group>"; };
		F1C1D766527690196F6FB79F /* AvatarView.swift */ = {isa = PBXFileReference; lastKnownFileType = sourcecode.swift; path = AvatarView.swift; sourceTree = "<group>"; };
/* End PBXFileReference section */

/* Begin PBXFrameworksBuildPhase section */
		21E2B1800FC204947470065B /* Frameworks */ = {
			isa = PBXFrameworksBuildPhase;
			buildActionMask = 2147483647;
			files = (
				4229DDC4AB359F338A1BE4BB /* ReownAppKit in Frameworks */,
			);
			runOnlyForDeploymentPostprocessing = 0;
		};
/* End PBXFrameworksBuildPhase section */

/* Begin PBXGroup section */
		067B1C49757711FD1927026A /* Settings */ = {
			isa = PBXGroup;
			children = (
				0248C14F16C23664FB00C648 /* AvatarPickerView.swift */,
				F1C1D766527690196F6FB79F /* AvatarView.swift */,
				64FC4B6EF61438B2E4A3AE31 /* SettingsView.swift */,
			);
			path = Settings;
			sourceTree = "<group>";
		};
		0A0C0412222E3A7124F77065 /* Library */ = {
			isa = PBXGroup;
			children = (
				F139A8BDB67BE8BC3F759294 /* LibraryView.swift.bak */,
				D94260A11D17C7A7822B284E /* ProofSelectionView.swift */,
			);
			path = Library;
			sourceTree = "<group>";
		};
		0FFC211B297B5528CC1CF621 /* Profile */ = {
			isa = PBXGroup;
			children = (
				8F62E4EABF64E587DE752B97 /* ProfileView.swift */,
			);
			path = Profile;
			sourceTree = "<group>";
		};
		1148515955EEF48BCF0FDB29 /* Sources */ = {
			isa = PBXGroup;
			children = (
				624797A8117791825134D824 /* Assets.xcassets */,
				04648F9975C483F7D4596C37 /* Info.plist */,
				A5F8B27098BA0AFE20E650FA /* LightChallengeApp.entitlements */,
				DD15E3C529E1B744F2F63518 /* LightChallengeApp.swift */,
				8DC618201643B52CEB2667F1 /* Models */,
				B5942790EB29FD3641A4C612 /* Services */,
				D1FC6BB1DF0BE05360A8959F /* Theme */,
				976CED54ADAE209981085764 /* Views */,
			);
			path = Sources;
			sourceTree = "<group>";
		};
		2A2299DCC32F1A501E300160 /* Activity */ = {
			isa = PBXGroup;
			children = (
				48C119618E8F45A5DC431D0D /* MyActivityView.swift */,
			);
			path = Activity;
			sourceTree = "<group>";
		};
		2BCDFC9F4DA1B1134EB1148F /* Explore */ = {
			isa = PBXGroup;
			children = (
				B1B027F2BAC338988466114F /* CategoryDetailView.swift */,
				92616EA76D9D58987F97E9DF /* ChallengeRow.swift */,
				5C4E66B51FC904BB6E695BA1 /* ExploreView.swift */,
			);
			path = Explore;
			sourceTree = "<group>";
		};
		404536E129DAD1C8E1B86102 /* Home */ = {
			isa = PBXGroup;
			children = (
				2995120A1E682FCFF13A7F79 /* HomeView.swift.bak */,
			);
			path = Home;
			sourceTree = "<group>";
		};
		56C07A98902A9004311EF35F /* Leaderboard */ = {
			isa = PBXGroup;
			children = (
				8600C50E8158C81C2EA3E6A3 /* LeaderboardView.swift */,
			);
			path = Leaderboard;
			sourceTree = "<group>";
		};
		6358672D8E0CF8BAB62D6C68 /* Products */ = {
			isa = PBXGroup;
			children = (
				6C9F9B4D909FEAE5EC4A1D5B /* LightChallengeApp.app */,
			);
			name = Products;
			sourceTree = "<group>";
		};
		725D60F7D3F9206ED82050A9 /* Claims */ = {
			isa = PBXGroup;
			children = (
				CED0C0C6160E432CAB20B6DC /* ClaimsView.swift */,
			);
			path = Claims;
			sourceTree = "<group>";
		};
		730A933ED138FB94A39D2BA1 /* Create */ = {
			isa = PBXGroup;
			children = (
				82F0C2BA1499A50D05A49354 /* CreateChallengeView.swift */,
			);
			path = Create;
			sourceTree = "<group>";
		};
		76F0153026A1BD94A8537307 /* Wallet */ = {
			isa = PBXGroup;
			children = (
				50CE8C299A1C5AF3873473EC /* WalletSheet.swift */,
			);
			path = Wallet;
			sourceTree = "<group>";
		};
		78B5C597F57E733ADAAF075C /* Onboarding */ = {
			isa = PBXGroup;
			children = (
				204B2D7C9B26D8265BDA995C /* OnboardingView.swift */,
				D87902ED5A3D3F2F9DAB1626 /* SplashPortal.swift */,
			);
			path = Onboarding;
			sourceTree = "<group>";
		};
		8DC618201643B52CEB2667F1 /* Models */ = {
			isa = PBXGroup;
			children = (
				6718450D0B114CD3CDB048BB /* Challenge.swift */,
				E2B368DB02FABEB0FE873AF1 /* Contracts.swift */,
				940344AA346043032B852F8B /* Models.swift */,
				7CC47CBD7AC0CC24C0ED5661 /* Templates.swift */,
			);
			path = Models;
			sourceTree = "<group>";
		};
		976CED54ADAE209981085764 /* Views */ = {
			isa = PBXGroup;
			children = (
				298F5D66E50BE0DF0E93605E /* ContentView.swift */,
				4E3E79186C4B7E5200EF6791 /* MainTabView.swift */,
				E1DD67E4E63BA4437F542A56 /* Achievements */,
				2A2299DCC32F1A501E300160 /* Activity */,
				990E4CCFD504546E913F4144 /* Challenges */,
				725D60F7D3F9206ED82050A9 /* Claims */,
				730A933ED138FB94A39D2BA1 /* Create */,
				FBE801438E3EE5A241389698 /* Detail */,
				2BCDFC9F4DA1B1134EB1148F /* Explore */,
				404536E129DAD1C8E1B86102 /* Home */,
				56C07A98902A9004311EF35F /* Leaderboard */,
				0A0C0412222E3A7124F77065 /* Library */,
				C42833E44A155643F82279BC /* Notifications */,
				78B5C597F57E733ADAAF075C /* Onboarding */,
				0FFC211B297B5528CC1CF621 /* Profile */,
				067B1C49757711FD1927026A /* Settings */,
				76F0153026A1BD94A8537307 /* Wallet */,
			);
			path = Views;
			sourceTree = "<group>";
		};
		990E4CCFD504546E913F4144 /* Challenges */ = {
			isa = PBXGroup;
			children = (
				05D4352BB8C482916116273A /* ChallengesView.swift */,
			);
			path = Challenges;
			sourceTree = "<group>";
		};
		B5942790EB29FD3641A4C612 /* Services */ = {
			isa = PBXGroup;
			children = (
				B2F019245CD055010D611B44 /* ABIEncoder.swift */,
				DD8D4367DFBB21CB51AFDB57 /* APIClient.swift */,
				2386C28BB1920D7EE693D754 /* AppState.swift */,
				4C90F07D40088862092E3765 /* AutoProofService.swift */,
				28E342EDE01313A06DD13943 /* AvatarService.swift */,
				ED219551AFC2F563795F7780 /* CacheService.swift */,
				6701EC73D4D4666031B738F0 /* ContractService.swift */,
				C854B2A77F15DDCCB5856BAC /* HealthKitService.swift */,
				6F96382A6786E825D5D51804 /* NotificationService.swift */,
				056B46502BB7A0127704ABD6 /* OAuthService.swift */,
				A6ABAF1BACDB42FA19D56FC3 /* WalletManager.swift */,
			);
			path = Services;
			sourceTree = "<group>";
		};
		C42833E44A155643F82279BC /* Notifications */ = {
			isa = PBXGroup;
			children = (
				585BC1959D4139EB7E5DF876 /* NotificationsView.swift */,
			);
			path = Notifications;
			sourceTree = "<group>";
		};
		CD706F489E4E330AB70FCECA = {
			isa = PBXGroup;
			children = (
				1148515955EEF48BCF0FDB29 /* Sources */,
				6358672D8E0CF8BAB62D6C68 /* Products */,
			);
			sourceTree = "<group>";
		};
		D1FC6BB1DF0BE05360A8959F /* Theme */ = {
			isa = PBXGroup;
			children = (
				CEB4377B08B897795FF6447F /* DesignTokens.swift */,
			);
			path = Theme;
			sourceTree = "<group>";
		};
		E1DD67E4E63BA4437F542A56 /* Achievements */ = {
			isa = PBXGroup;
			children = (
				C87D4DAF081C5E62A534D5FE /* AchievementShareCard.swift */,
				07B4E3038A54D8DA0F3B3329 /* AchievementsView.swift */,
				60C0F25C8AF902669420DDED /* ChallengeShareCard.swift */,
			);
			path = Achievements;
			sourceTree = "<group>";
		};
		FBE801438E3EE5A241389698 /* Detail */ = {
			isa = PBXGroup;
			children = (
				AEE7B27C2A3DF0F5E387AD12 /* ChallengeDetailView.swift */,
				64ACBB01A8D1FBE7224AECC3 /* ChallengeProgressHero.swift */,
				956AFB8941781516AFD70596 /* FitnessProofView.swift */,
				262C604C08756AF00CE8B815 /* GamingHandoffView.swift */,
				87C8F03B75271A197ACEF743 /* VictoryCelebrationView.swift */,
			);
			path = Detail;
			sourceTree = "<group>";
		};
/* End PBXGroup section */

/* Begin PBXNativeTarget section */
		84B7B1FC6E8B024E9ACD1DF5 /* LightChallengeApp */ = {
			isa = PBXNativeTarget;
			buildConfigurationList = 9CAB7A2BBAFFBAA9D98885C4 /* Build configuration list for PBXNativeTarget "LightChallengeApp" */;
			buildPhases = (
				851AF03820E8F80E7A4082DA /* Sources */,
				286F3FD69E2FC97AB91D6D30 /* Resources */,
				21E2B1800FC204947470065B /* Frameworks */,
			);
			buildRules = (
			);
			dependencies = (
			);
			name = LightChallengeApp;
			packageProductDependencies = (
				1541795F8BBD0D69D53472F0 /* ReownAppKit */,
			);
			productName = LightChallengeApp;
			productReference = 6C9F9B4D909FEAE5EC4A1D5B /* LightChallengeApp.app */;
			productType = "com.apple.product-type.application";
		};
/* End PBXNativeTarget section */

/* Begin PBXProject section */
		5B2A9953DC234C80040C08BF /* Project object */ = {
			isa = PBXProject;
			attributes = {
				BuildIndependentTargetsInParallel = YES;
				LastUpgradeCheck = 1500;
				TargetAttributes = {
					84B7B1FC6E8B024E9ACD1DF5 = {
						DevelopmentTeam = 84SJ6FKXLJ;
						ProvisioningStyle = Automatic;
					};
				};
			};
			buildConfigurationList = 519F5562A9502860BC566E6E /* Build configuration list for PBXProject "LightChallengeApp" */;
			developmentRegion = en;
			hasScannedForEncodings = 0;
			knownRegions = (
				Base,
				en,
			);
			mainGroup = CD706F489E4E330AB70FCECA;
			minimizedProjectReferenceProxies = 1;
			packageReferences = (
				C452FA2BC6DC779FA1B0C5BD /* XCRemoteSwiftPackageReference "reown-swift" */,
			);
			preferredProjectObjectVersion = 77;
			productRefGroup = 6358672D8E0CF8BAB62D6C68 /* Products */;
			projectDirPath = "";
			projectRoot = "";
			targets = (
				84B7B1FC6E8B024E9ACD1DF5 /* LightChallengeApp */,
			);
		};
/* End PBXProject section */

/* Begin PBXResourcesBuildPhase section */
		286F3FD69E2FC97AB91D6D30 /* Resources */ = {
			isa = PBXResourcesBuildPhase;
			buildActionMask = 2147483647;
			files = (
				48FAAEDC96D1E02C612F09FC /* Assets.xcassets in Resources */,
				45458B7E79F43A785CE99693 /* HomeView.swift.bak in Resources */,
				845A1BC5FB1B4358FCF9F306 /* LibraryView.swift.bak in Resources */,
			);
			runOnlyForDeploymentPostprocessing = 0;
		};
/* End PBXResourcesBuildPhase section */

/* Begin PBXSourcesBuildPhase section */
		851AF03820E8F80E7A4082DA /* Sources */ = {
			isa = PBXSourcesBuildPhase;
			buildActionMask = 2147483647;
			files = (
				4A20EA813815461B21C21A79 /* ABIEncoder.swift in Sources */,
				01327086E394D16E346FE8C3 /* APIClient.swift in Sources */,
				B9CCD6D0708DFFC22FAF4F3C /* AchievementShareCard.swift in Sources */,
				E8DA5005C7B7D20CEA1B862C /* AchievementsView.swift in Sources */,
				CF3E4B50FF79FA9FE4F9A8F3 /* AppState.swift in Sources */,
				0CF75325BF09048735805AD1 /* AutoProofService.swift in Sources */,
				60E3802C318601DD043D4F1E /* AvatarPickerView.swift in Sources */,
				508CD9610C708386D8669B17 /* AvatarService.swift in Sources */,
				4F8D12FA638C484D9E08A76E /* AvatarView.swift in Sources */,
				D0F90181D6CFF43A2E6E14D4 /* CacheService.swift in Sources */,
				D7BCAFE3F5319C7855539792 /* CategoryDetailView.swift in Sources */,
				C99732FF05C96BF08272CD05 /* Challenge.swift in Sources */,
				DB612A03EB280A97BE0AF778 /* ChallengeDetailView.swift in Sources */,
				4C2CEDEA49984D159380C739 /* ChallengeProgressHero.swift in Sources */,
				E76C1AC9F1CD842862BB0C50 /* ChallengeRow.swift in Sources */,
				6922B4D114C1719A5917FF0D /* ChallengeShareCard.swift in Sources */,
				FB927A4629D531B77493E5CC /* ChallengesView.swift in Sources */,
				2D0FCA3E5F088B4D5B1A30B1 /* ClaimsView.swift in Sources */,
				6DD3E7EA277C23205F11159F /* ContentView.swift in Sources */,
				4AD8C59641FB78BE317B0182 /* ContractService.swift in Sources */,
				54F145E38FD99962111F5ED5 /* Contracts.swift in Sources */,
				017AD46480304DEDF9E06460 /* CreateChallengeView.swift in Sources */,
				22A79E34A0431F1DE2454FD0 /* DesignTokens.swift in Sources */,
				F1C3E639A403E8D788DDE525 /* ExploreView.swift in Sources */,
				6B4E5569D04D48C05EF068BF /* FitnessProofView.swift in Sources */,
				D9B09F9D0D1924CF11D29A54 /* GamingHandoffView.swift in Sources */,
				7972D072E170841590FC276F /* HealthKitService.swift in Sources */,
				089DEC6CD8C7F4FA9DD0A7C3 /* LeaderboardView.swift in Sources */,
				DFFE19E2E45331BE9EBF4483 /* LightChallengeApp.swift in Sources */,
				7390A5A61D7A174AA9DC2EBE /* MainTabView.swift in Sources */,
				F9488F78D6C8C500096F8717 /* Models.swift in Sources */,
				550797D0D12E07537CE166AB /* MyActivityView.swift in Sources */,
				79B0FA11187316181EBBA291 /* NotificationService.swift in Sources */,
				22C7BD51A23BA1663439FA74 /* NotificationsView.swift in Sources */,
				D12B98D622D360BFD4F09C4C /* OAuthService.swift in Sources */,
				E4ADD5075FF83E61FB7A5EBE /* OnboardingView.swift in Sources */,
				0DDBD13D0B11FE678B6256AD /* ProfileView.swift in Sources */,
				8F8708FE2BD6A1ED9EDFABC4 /* ProofSelectionView.swift in Sources */,
				43D74F474BAE2BA81DAD7ECF /* SettingsView.swift in Sources */,
				F23286C4F4D1FBA4A08BAC95 /* SplashPortal.swift in Sources */,
				AE34E10980EB1777EF9B796A /* Templates.swift in Sources */,
				455FD904AC0EA8F33266E202 /* VictoryCelebrationView.swift in Sources */,
				1D5FFD1F3DA74E90F1820F1D /* WalletManager.swift in Sources */,
				F2019051977E76405C534A6E /* WalletSheet.swift in Sources */,
			);
			runOnlyForDeploymentPostprocessing = 0;
		};
/* End PBXSourcesBuildPhase section */

/* Begin XCBuildConfiguration section */
		240F34817C6E693E9C00C626 /* Debug */ = {
			isa = XCBuildConfiguration;
			buildSettings = {
				ALWAYS_SEARCH_USER_PATHS = NO;
				CLANG_ANALYZER_NONNULL = YES;
				CLANG_ANALYZER_NUMBER_OBJECT_CONVERSION = YES_AGGRESSIVE;
				CLANG_CXX_LANGUAGE_STANDARD = "gnu++14";
				CLANG_CXX_LIBRARY = "libc++";
				CLANG_ENABLE_MODULES = YES;
				CLANG_ENABLE_OBJC_ARC = YES;
				CLANG_ENABLE_OBJC_WEAK = YES;
				CLANG_WARN_BLOCK_CAPTURE_AUTORELEASING = YES;
				CLANG_WARN_BOOL_CONVERSION = YES;
				CLANG_WARN_COMMA = YES;
				CLANG_WARN_CONSTANT_CONVERSION = YES;
				CLANG_WARN_DEPRECATED_OBJC_IMPLEMENTATIONS = YES;
				CLANG_WARN_DIRECT_OBJC_ISA_USAGE = YES_ERROR;
				CLANG_WARN_DOCUMENTATION_COMMENTS = YES;
				CLANG_WARN_EMPTY_BODY = YES;
				CLANG_WARN_ENUM_CONVERSION = YES;
				CLANG_WARN_INFINITE_RECURSION = YES;
				CLANG_WARN_INT_CONVERSION = YES;
				CLANG_WARN_NON_LITERAL_NULL_CONVERSION = YES;
				CLANG_WARN_OBJC_IMPLICIT_RETAIN_SELF = YES;
				CLANG_WARN_OBJC_LITERAL_CONVERSION = YES;
				CLANG_WARN_OBJC_ROOT_CLASS = YES_ERROR;
				CLANG_WARN_QUOTED_INCLUDE_IN_FRAMEWORK_HEADER = YES;
				CLANG_WARN_RANGE_LOOP_ANALYSIS = YES;
				CLANG_WARN_STRICT_PROTOTYPES = YES;
				CLANG_WARN_SUSPICIOUS_MOVE = YES;
				CLANG_WARN_UNGUARDED_AVAILABILITY = YES_AGGRESSIVE;
				CLANG_WARN_UNREACHABLE_CODE = YES;
				CLANG_WARN__DUPLICATE_METHOD_MATCH = YES;
				COPY_PHASE_STRIP = NO;
				DEBUG_INFORMATION_FORMAT = dwarf;
				ENABLE_STRICT_OBJC_MSGSEND = YES;
				ENABLE_TESTABILITY = YES;
				GCC_C_LANGUAGE_STANDARD = gnu11;
				GCC_DYNAMIC_NO_PIC = NO;
				GCC_NO_COMMON_BLOCKS = YES;
				GCC_OPTIMIZATION_LEVEL = 0;
				GCC_PREPROCESSOR_DEFINITIONS = (
					"$(inherited)",
					"DEBUG=1",
				);
				GCC_WARN_64_TO_32_BIT_CONVERSION = YES;
				GCC_WARN_ABOUT_RETURN_TYPE = YES_ERROR;
				GCC_WARN_UNDECLARED_SELECTOR = YES;
				GCC_WARN_UNINITIALIZED_AUTOS = YES_AGGRESSIVE;
				GCC_WARN_UNUSED_FUNCTION = YES;
				GCC_WARN_UNUSED_VARIABLE = YES;
				GENERATE_INFOPLIST_FILE = NO;
				IPHONEOS_DEPLOYMENT_TARGET = 17.0;
				MTL_ENABLE_DEBUG_INFO = INCLUDE_SOURCE;
				MTL_FAST_MATH = YES;
				ONLY_ACTIVE_ARCH = YES;
				PRODUCT_NAME = "$(TARGET_NAME)";
				SDKROOT = iphoneos;
				SWIFT_ACTIVE_COMPILATION_CONDITIONS = DEBUG;
				SWIFT_ENABLE_EXPLICIT_MODULES = NO;
				SWIFT_OPTIMIZATION_LEVEL = "-Onone";
				SWIFT_VERSION = 5.9;
			};
			name = Debug;
		};
		422FAA4C550DAB0FE98BEAB4 /* Release */ = {
			isa = XCBuildConfiguration;
			buildSettings = {
				ASSETCATALOG_COMPILER_APPICON_NAME = AppIcon;
				CODE_SIGN_ENTITLEMENTS = Sources/LightChallengeApp.entitlements;
				CODE_SIGN_IDENTITY = "iPhone Developer";
				CODE_SIGN_STYLE = Automatic;
				CURRENT_PROJECT_VERSION = 3;
				DEVELOPMENT_TEAM = 84SJ6FKXLJ;
				INFOPLIST_FILE = Sources/Info.plist;
				LD_RUNPATH_SEARCH_PATHS = (
					"$(inherited)",
					"@executable_path/Frameworks",
				);
				MARKETING_VERSION = 1.2.0;
				PRODUCT_BUNDLE_IDENTIFIER = io.lightchallenge.app;
				SDKROOT = iphoneos;
				TARGETED_DEVICE_FAMILY = "1,2";
			};
			name = Release;
		};
		7F66561ACB07959573A16D59 /* Release */ = {
			isa = XCBuildConfiguration;
			buildSettings = {
				ALWAYS_SEARCH_USER_PATHS = NO;
				CLANG_ANALYZER_NONNULL = YES;
				CLANG_ANALYZER_NUMBER_OBJECT_CONVERSION = YES_AGGRESSIVE;
				CLANG_CXX_LANGUAGE_STANDARD = "gnu++14";
				CLANG_CXX_LIBRARY = "libc++";
				CLANG_ENABLE_MODULES = YES;
				CLANG_ENABLE_OBJC_ARC = YES;
				CLANG_ENABLE_OBJC_WEAK = YES;
				CLANG_WARN_BLOCK_CAPTURE_AUTORELEASING = YES;
				CLANG_WARN_BOOL_CONVERSION = YES;
				CLANG_WARN_COMMA = YES;
				CLANG_WARN_CONSTANT_CONVERSION = YES;
				CLANG_WARN_DEPRECATED_OBJC_IMPLEMENTATIONS = YES;
				CLANG_WARN_DIRECT_OBJC_ISA_USAGE = YES_ERROR;
				CLANG_WARN_DOCUMENTATION_COMMENTS = YES;
				CLANG_WARN_EMPTY_BODY = YES;
				CLANG_WARN_ENUM_CONVERSION = YES;
				CLANG_WARN_INFINITE_RECURSION = YES;
				CLANG_WARN_INT_CONVERSION = YES;
				CLANG_WARN_NON_LITERAL_NULL_CONVERSION = YES;
				CLANG_WARN_OBJC_IMPLICIT_RETAIN_SELF = YES;
				CLANG_WARN_OBJC_LITERAL_CONVERSION = YES;
				CLANG_WARN_OBJC_ROOT_CLASS = YES_ERROR;
				CLANG_WARN_QUOTED_INCLUDE_IN_FRAMEWORK_HEADER = YES;
				CLANG_WARN_RANGE_LOOP_ANALYSIS = YES;
				CLANG_WARN_STRICT_PROTOTYPES = YES;
				CLANG_WARN_SUSPICIOUS_MOVE = YES;
				CLANG_WARN_UNGUARDED_AVAILABILITY = YES_AGGRESSIVE;
				CLANG_WARN_UNREACHABLE_CODE = YES;
				CLANG_WARN__DUPLICATE_METHOD_MATCH = YES;
				COPY_PHASE_STRIP = NO;
				DEBUG_INFORMATION_FORMAT = "dwarf-with-dsym";
				ENABLE_NS_ASSERTIONS = NO;
				ENABLE_STRICT_OBJC_MSGSEND = YES;
				GCC_C_LANGUAGE_STANDARD = gnu11;
				GCC_NO_COMMON_BLOCKS = YES;
				GCC_WARN_64_TO_32_BIT_CONVERSION = YES;
				GCC_WARN_ABOUT_RETURN_TYPE = YES_ERROR;
				GCC_WARN_UNDECLARED_SELECTOR = YES;
				GCC_WARN_UNINITIALIZED_AUTOS = YES_AGGRESSIVE;
				GCC_WARN_UNUSED_FUNCTION = YES;
				GCC_WARN_UNUSED_VARIABLE = YES;
				GENERATE_INFOPLIST_FILE = NO;
				IPHONEOS_DEPLOYMENT_TARGET = 17.0;
				MTL_ENABLE_DEBUG_INFO = NO;
				MTL_FAST_MATH = YES;
				PRODUCT_NAME = "$(TARGET_NAME)";
				SDKROOT = iphoneos;
				SWIFT_COMPILATION_MODE = wholemodule;
				SWIFT_ENABLE_EXPLICIT_MODULES = NO;
				SWIFT_OPTIMIZATION_LEVEL = "-O";
				SWIFT_VERSION = 5.9;
			};
			name = Release;
		};
		A636F79CE3DC4EECA883D546 /* Debug */ = {
			isa = XCBuildConfiguration;
			buildSettings = {
				ASSETCATALOG_COMPILER_APPICON_NAME = AppIcon;
				CODE_SIGN_ENTITLEMENTS = Sources/LightChallengeApp.entitlements;
				CODE_SIGN_IDENTITY = "iPhone Developer";
				CODE_SIGN_STYLE = Automatic;
				CURRENT_PROJECT_VERSION = 3;
				DEVELOPMENT_TEAM = 84SJ6FKXLJ;
				INFOPLIST_FILE = Sources/Info.plist;
				LD_RUNPATH_SEARCH_PATHS = (
					"$(inherited)",
					"@executable_path/Frameworks",
				);
				MARKETING_VERSION = 1.2.0;
				PRODUCT_BUNDLE_IDENTIFIER = io.lightchallenge.app;
				SDKROOT = iphoneos;
				TARGETED_DEVICE_FAMILY = "1,2";
			};
			name = Debug;
		};
/* End XCBuildConfiguration section */

/* Begin XCConfigurationList section */
		519F5562A9502860BC566E6E /* Build configuration list for PBXProject "LightChallengeApp" */ = {
			isa = XCConfigurationList;
			buildConfigurations = (
				240F34817C6E693E9C00C626 /* Debug */,
				7F66561ACB07959573A16D59 /* Release */,
			);
			defaultConfigurationIsVisible = 0;
			defaultConfigurationName = Debug;
		};
		9CAB7A2BBAFFBAA9D98885C4 /* Build configuration list for PBXNativeTarget "LightChallengeApp" */ = {
			isa = XCConfigurationList;
			buildConfigurations = (
				A636F79CE3DC4EECA883D546 /* Debug */,
				422FAA4C550DAB0FE98BEAB4 /* Release */,
			);
			defaultConfigurationIsVisible = 0;
			defaultConfigurationName = Debug;
		};
/* End XCConfigurationList section */

/* Begin XCRemoteSwiftPackageReference section */
		C452FA2BC6DC779FA1B0C5BD /* XCRemoteSwiftPackageReference "reown-swift" */ = {
			isa = XCRemoteSwiftPackageReference;
			repositoryURL = "https://github.com/reown-com/reown-swift";
			requirement = {
				kind = upToNextMajorVersion;
				minimumVersion = 1.0.0;
			};
		};
/* End XCRemoteSwiftPackageReference section */

/* Begin XCSwiftPackageProductDependency section */
		1541795F8BBD0D69D53472F0 /* ReownAppKit */ = {
			isa = XCSwiftPackageProductDependency;
			package = C452FA2BC6DC779FA1B0C5BD /* XCRemoteSwiftPackageReference "reown-swift" */;
			productName = ReownAppKit;
		};
/* End XCSwiftPackageProductDependency section */
	};
	rootObject = 5B2A9953DC234C80040C08BF /* Project object */;
}
